
Microsoft Visual Studio Solution File, Format Version 12.00
# Visual Studio Version 16
VisualStudioVersion = 16.0.31129.286
MinimumVisualStudioVersion = 10.0.40219.1
Project("{9A19103F-16F7-4668-BE54-9A1E7A4F7556}") = "MiscUtil", "MiscUtil\MiscUtil.csproj", "{4FC1D5F4-661F-48DC-B397-4CDCB7D61ABE}"
EndProject
Project("{9A19103F-16F7-4668-BE54-9A1E7A4F7556}") = "MiscUtil.UnitTests", "MiscUtil.UnitTests\MiscUtil.UnitTests.csproj", "{57C0CD94-8066-4738-8B81-58FF9E18BFDE}"
EndProject
Project("{9A19103F-16F7-4668-BE54-9A1E7A4F7556}") = "MiscUtil.PerformanceTests", "MiscUtil.PerformanceTests\MiscUtil.PerformanceTests.csproj", "{EDC7049C-A128-4E37-8B3B-B2A377F59348}"
EndProject
Global
	GlobalSection(SolutionConfigurationPlatforms) = preSolution
		Debug|Any CPU = Debug|Any CPU
		Release 2.0|Any CPU = Release 2.0|Any CPU
		Release|Any CPU = Release|Any CPU
		ReleaseMiscUtil|Any CPU = ReleaseMiscUtil|Any CPU
	EndGlobalSection
	GlobalSection(ProjectConfigurationPlatforms) = postSolution
		{4FC1D5F4-661F-48DC-B397-4CDCB7D61ABE}.Debug|Any CPU.ActiveCfg = Debug|Any CPU
		{4FC1D5F4-661F-48DC-B397-4CDCB7D61ABE}.Debug|Any CPU.Build.0 = Debug|Any CPU
		{4FC1D5F4-661F-48DC-B397-4CDCB7D61ABE}.Release 2.0|Any CPU.ActiveCfg = Debug|Any CPU
		{4FC1D5F4-661F-48DC-B397-4CDCB7D61ABE}.Release 2.0|Any CPU.Build.0 = Debug|Any CPU
		{4FC1D5F4-661F-48DC-B397-4CDCB7D61ABE}.Release|Any CPU.ActiveCfg = Release|Any CPU
		{4FC1D5F4-661F-48DC-B397-4CDCB7D61ABE}.Release|Any CPU.Build.0 = Release|Any CPU
		{4FC1D5F4-661F-48DC-B397-4CDCB7D61ABE}.ReleaseMiscUtil|Any CPU.ActiveCfg = Release|Any CPU
		{4FC1D5F4-661F-48DC-B397-4CDCB7D61ABE}.ReleaseMiscUtil|Any CPU.Build.0 = Release|Any CPU
		{57C0CD94-8066-4738-8B81-58FF9E18BFDE}.Debug|Any CPU.ActiveCfg = Debug|Any CPU
		{57C0CD94-8066-4738-8B81-58FF9E18BFDE}.Debug|Any CPU.Build.0 = Debug|Any CPU
		{57C0CD94-8066-4738-8B81-58FF9E18BFDE}.Release 2.0|Any CPU.ActiveCfg = Debug|Any CPU
		{57C0CD94-8066-4738-8B81-58FF9E18BFDE}.Release 2.0|Any CPU.Build.0 = Debug|Any CPU
		{57C0CD94-8066-4738-8B81-58FF9E18BFDE}.Release|Any CPU.ActiveCfg = Release|Any CPU
		{57C0CD94-8066-4738-8B81-58FF9E18BFDE}.Release|Any CPU.Build.0 = Release|Any CPU
		{57C0CD94-8066-4738-8B81-58FF9E18BFDE}.ReleaseMiscUtil|Any CPU.ActiveCfg = ReleaseMiscUtil|Any CPU
		{EDC7049C-A128-4E37-8B3B-B2A377F59348}.Debug|Any CPU.ActiveCfg = Debug|Any CPU
		{EDC7049C-A128-4E37-8B3B-B2A377F59348}.Debug|Any CPU.Build.0 = Debug|Any CPU
		{EDC7049C-A128-4E37-8B3B-B2A377F59348}.Release 2.0|Any CPU.ActiveCfg = Debug|Any CPU
		{EDC7049C-A128-4E37-8B3B-B2A377F59348}.Release 2.0|Any CPU.Build.0 = Debug|Any CPU
		{EDC7049C-A128-4E37-8B3B-B2A377F59348}.Release|Any CPU.ActiveCfg = Release|Any CPU
		{EDC7049C-A128-4E37-8B3B-B2A377F59348}.Release|Any CPU.Build.0 = Release|Any CPU
		{EDC7049C-A128-4E37-8B3B-B2A377F59348}.ReleaseMiscUtil|Any CPU.ActiveCfg = ReleaseMiscUtil|Any CPU
	EndGlobalSection
	GlobalSection(SolutionProperties) = preSolution
		HideSolutionNode = FALSE
	EndGlobalSection
	GlobalSection(ExtensibilityGlobals) = postSolution
		SolutionGuid = {100E1F6C-3B68-4BE8-9060-CC6C65D19376}
	EndGlobalSection
EndGlobal
